{
  "name": "debtconsolidation",
  "version": "1.0.0",
  "lockfileVersion": 3,
  "requires": true,
  "packages": {
    "": {
      "name": "debtconsolidation",
      "version": "1.0.0",
      "license": "ISC",
      "devDependencies": {
        "@luna_ui/astra": "^0.23.0"
      }
    },
    "node_modules/@luna_ui/astra": {
      "version": "0.23.0",
      "resolved": "https://registry.npmjs.org/@luna_ui/astra/-/astra-0.23.0.tgz",
      "integrity": "sha512-I5fpdfGvClTgZLDdk+vuAmOED8cTUi1fyWX1kMGG+JjbX+eor7OnBwenI0wMUktX+5R7/IGfeOr2kXHKnxr8vA==",
      "dev": true,
      "license": "MIT",
      "dependencies": {
        "colorette": "^2.0.20"
      },
      "bin": {
        "astra": "bin/astra.js"
      }
    },
    "node_modules/colorette": {
      "version": "2.0.20",
      "resolved": "https://registry.npmjs.org/colorette/-/colorette-2.0.20.tgz",
      "integrity": "sha512-IfEDxwoWIjkeXL1eXcDiow4UbKjhLdq6/EuSVR9GMN7KVH3r9gQ83e73hsz1Nd1T3ijd5xv1wcWRYO+D6kCI2w==",
      "dev": true,
      "license": "MIT"
    }
  }
}
